{
  "requires": true,
  "lockfileVersion": 1,
  "dependencies": {
    "commander": {
      "version": "0.5.2",
      "resolved": "https://registry.npmjs.org/commander/-/commander-0.5.2.tgz",
      "integrity": "sha1-8nAyZwmhFaEmz+1WI4UkObjko7U="
    },
    "stats": {
      "version": "1.0.0",
      "resolved": "https://registry.npmjs.org/stats/-/stats-1.0.0.tgz",
      "integrity": "sha1-Sj9j2BvVLN7O4xPazxVyr/V7fSk=",
      "requires": {
        "commander": "0.5.2"
      }
    },
    "stats.js": {
      "version": "0.17.0",
      "resolved": "https://registry.npmjs.org/stats.js/-/stats.js-0.17.0.tgz",
      "integrity": "sha1-scPcRtlEmLV4t/05hbgaznExzH0="
    },
    "three": {
      "version": "0.123.0",
      "resolved": "https://registry.npmjs.org/three/-/three-0.123.0.tgz",
      "integrity": "sha512-KNnx/IbilvoHRkxOtL0ouozoDoElyuvAXhFB21RK7F5IPWSmqyFelICK6x3hJerLNSlAdHxR0hkuvMMhH9pqXg=="
    },
    "three-mtl-loader": {
      "version": "1.0.2",
      "resolved": "https://registry.npmjs.org/three-mtl-loader/-/three-mtl-loader-1.0.2.tgz",
      "integrity": "sha512-GqDrWC5rbi+0/gp999S4lpCSHroBEfe9NqmH165orG0QhXeknL/eSNVMJUWBNgg2sBW7vlqVNWD/P0kdHeGC9g==",
      "requires": {
        "three": "^0.87.1"
      },
      "dependencies": {
        "three": {
          "version": "0.87.1",
          "resolved": "https://registry.npmjs.org/three/-/three-0.87.1.tgz",
          "integrity": "sha1-Rmo07cRUNFnO2bnX0na2Uhb+K6g="
        }
      }
    }
  }
}
